// !$*UTF8*$!
{
	archiveVersion = 1;
	classes = {
	};
	objectVersion = 46;
	objects = {

/* Begin PBXBuildFile section */
		22BDF40F8D9D599BCC6013BA /* libPods-twitter-search.a in Frameworks */ = {isa = PBXBuildFile; fileRef = D8450A10AB964B3F00080D24 /* libPods-twitter-search.a */; };
		CA06DEDB1DDB713700326C20 /* TweetSearchView.m in Sources */ = {isa = PBXBuildFile; fileRef = CA06DEDA1DDB713700326C20 /* TweetSearchView.m */; };
		CA06DEDE1DDB753200326C20 /* TweetSearchTableViewCell.m in Sources */ = {isa = PBXBuildFile; fileRef = CA06DEDD1DDB753200326C20 /* TweetSearchTableViewCell.m */; };
		CA06DEE11DDB793C00326C20 /* TweetSearchViewController.m in Sources */ = {isa = PBXBuildFile; fileRef = CA06DEE01DDB793C00326C20 /* TweetSearchViewController.m */; };
		CA06DEE41DDB879400326C20 /* TweetSearchTableViewComponent.m in Sources */ = {isa = PBXBuildFile; fileRef = CA06DEE31DDB879400326C20 /* TweetSearchTableViewComponent.m */; };
		CA06DEE71DDC2F1000326C20 /* Constants.m in Sources */ = {isa = PBXBuildFile; fileRef = CA06DEE61DDC2F1000326C20 /* Constants.m */; };
		CA06DEEA1DDC31C100326C20 /* TweetSearchTableViewCell2.m in Sources */ = {isa = PBXBuildFile; fileRef = CA06DEE91DDC31C100326C20 /* TweetSearchTableViewCell2.m */; };
		CA06DEEE1DDC3EED00326C20 /* APIManager.m in Sources */ = {isa = PBXBuildFile; fileRef = CA06DEED1DDC3EED00326C20 /* APIManager.m */; };
		CA2CD0B01DDB6A3E0061A019 /* main.m in Sources */ = {isa = PBXBuildFile; fileRef = CA2CD0AF1DDB6A3E0061A019 /* main.m */; };
		CA2CD0B31DDB6A3E0061A019 /* AppDelegate.m in Sources */ = {isa = PBXBuildFile; fileRef = CA2CD0B21DDB6A3E0061A019 /* AppDelegate.m */; };
		CA2CD0B61DDB6A3E0061A019 /* MasterViewController.m in Sources */ = {isa = PBXBuildFile; fileRef = CA2CD0B51DDB6A3E0061A019 /* MasterViewController.m */; };
		CA2CD0B91DDB6A3E0061A019 /* DetailViewController.m in Sources */ = {isa = PBXBuildFile; fileRef = CA2CD0B81DDB6A3E0061A019 /* DetailViewController.m */; };
		CA2CD0BC1DDB6A3E0061A019 /* Main.storyboard in Resources */ = {isa = PBXBuildFile; fileRef = CA2CD0BA1DDB6A3E0061A019 /* Main.storyboard */; };
		CA2CD0BE1DDB6A3E0061A019 /* Assets.xcassets in Resources */ = {isa = PBXBuildFile; fileRef = CA2CD0BD1DDB6A3E0061A019 /* Assets.xcassets */; };
		CA2CD0C11DDB6A3E0061A019 /* LaunchScreen.storyboard in Resources */ = {isa = PBXBuildFile; fileRef = CA2CD0BF1DDB6A3E0061A019 /* LaunchScreen.storyboard */; };
		CA40DE901DDE20DB0088332A /* TweetDetailView.m in Sources */ = {isa = PBXBuildFile; fileRef = CA40DE8F1DDE20DB0088332A /* TweetDetailView.m */; };
		CAF625B91DDCD132003CACF1 /* TweetSearch.m in Sources */ = {isa = PBXBuildFile; fileRef = CAF625B81DDCD132003CACF1 /* TweetSearch.m */; };
		CAF625BC1DDCD1AA003CACF1 /* SearchMetadata.m in Sources */ = {isa = PBXBuildFile; fileRef = CAF625BB1DDCD1AA003CACF1 /* SearchMetadata.m */; };
		CAF625BF1DDCD1D2003CACF1 /* SearchStatuses.m in Sources */ = {isa = PBXBuildFile; fileRef = CAF625BE1DDCD1D2003CACF1 /* SearchStatuses.m */; };
		CAF625C21DDCD566003CACF1 /* TweetUser.m in Sources */ = {isa = PBXBuildFile; fileRef = CAF625C11DDCD566003CACF1 /* TweetUser.m */; };
		CAF625C61DDD7681003CACF1 /* MasterViewViewModel.m in Sources */ = {isa = PBXBuildFile; fileRef = CAF625C51DDD7681003CACF1 /* MasterViewViewModel.m */; };
		CAF625C91DDD7D5C003CACF1 /* UIManager.m in Sources */ = {isa = PBXBuildFile; fileRef = CAF625C81DDD7D5C003CACF1 /* UIManager.m */; };
		CAF625CD1DDD8A2A003CACF1 /* Formatters.m in Sources */ = {isa = PBXBuildFile; fileRef = CAF625CC1DDD8A2A003CACF1 /* Formatters.m */; };
/* End PBXBuildFile section */

/* Begin PBXFileReference section */
		973922337E42AFC2235C9290 /* Pods-twitter-search.debug.xcconfig */ = {isa = PBXFileReference; includeInIndex = 1; lastKnownFileType = text.xcconfig; name = "Pods-twitter-search.debug.xcconfig"; path = "Pods/Target Support Files/Pods-twitter-search/Pods-twitter-search.debug.xcconfig"; sourceTree = "<group>"; };
		CA06DED91DDB713700326C20 /* TweetSearchView.h */ = {isa = PBXFileReference; fileEncoding = 4; lastKnownFileType = sourcecode.c.h; path = TweetSearchView.h; sourceTree = "<group>"; };
		CA06DEDA1DDB713700326C20 /* TweetSearchView.m */ = {isa = PBXFileReference; fileEncoding = 4; lastKnownFileType = sourcecode.c.objc; path = TweetSearchView.m; sourceTree = "<group>"; };
		CA06DEDC1DDB753200326C20 /* TweetSearchTableViewCell.h */ = {isa = PBXFileReference; fileEncoding = 4; lastKnownFileType = sourcecode.c.h; path = TweetSearchTableViewCell.h; sourceTree = "<group>"; };
		CA06DEDD1DDB753200326C20 /* TweetSearchTableViewCell.m */ = {isa = PBXFileReference; fileEncoding = 4; lastKnownFileType = sourcecode.c.objc; path = TweetSearchTableViewCell.m; sourceTree = "<group>"; };
		CA06DEDF1DDB793C00326C20 /* TweetSearchViewController.h */ = {isa = PBXFileReference; fileEncoding = 4; lastKnownFileType = sourcecode.c.h; path = TweetSearchViewController.h; sourceTree = "<group>"; };
		CA06DEE01DDB793C00326C20 /* TweetSearchViewController.m */ = {isa = PBXFileReference; fileEncoding = 4; lastKnownFileType = sourcecode.c.objc; path = TweetSearchViewController.m; sourceTree = "<group>"; };
		CA06DEE21DDB879400326C20 /* TweetSearchTableViewComponent.h */ = {isa = PBXFileReference; fileEncoding = 4; lastKnownFileType = sourcecode.c.h; path = TweetSearchTableViewComponent.h; sourceTree = "<group>"; };
		CA06DEE31DDB879400326C20 /* TweetSearchTableViewComponent.m */ = {isa = PBXFileReference; fileEncoding = 4; lastKnownFileType = sourcecode.c.objc; path = TweetSearchTableViewComponent.m; sourceTree = "<group>"; };
		CA06DEE51DDC2F1000326C20 /* Constants.h */ = {isa = PBXFileReference; fileEncoding = 4; lastKnownFileType = sourcecode.c.h; path = Constants.h; sourceTree = "<group>"; };
		CA06DEE61DDC2F1000326C20 /* Constants.m */ = {isa = PBXFileReference; fileEncoding = 4; lastKnownFileType = sourcecode.c.objc; path = Constants.m; sourceTree = "<group>"; };
		CA06DEE81DDC31C100326C20 /* TweetSearchTableViewCell2.h */ = {isa = PBXFileReference; fileEncoding = 4; lastKnownFileType = sourcecode.c.h; path = TweetSearchTableViewCell2.h; sourceTree = "<group>"; };
		CA06DEE91DDC31C100326C20 /* TweetSearchTableViewCell2.m */ = {isa = PBXFileReference; fileEncoding = 4; lastKnownFileType = sourcecode.c.objc; path = TweetSearchTableViewCell2.m; sourceTree = "<group>"; };
		CA06DEEC1DDC3EED00326C20 /* APIManager.h */ = {isa = PBXFileReference; fileEncoding = 4; lastKnownFileType = sourcecode.c.h; path = APIManager.h; sourceTree = "<group>"; };
		CA06DEED1DDC3EED00326C20 /* APIManager.m */ = {isa = PBXFileReference; fileEncoding = 4; lastKnownFileType = sourcecode.c.objc; path = APIManager.m; sourceTree = "<group>"; };
		CA2CD0AB1DDB6A3E0061A019 /* twitter-search.app */ = {isa = PBXFileReference; explicitFileType = wrapper.application; includeInIndex = 0; path = "twitter-search.app"; sourceTree = BUILT_PRODUCTS_DIR; };
		CA2CD0AF1DDB6A3E0061A019 /* main.m */ = {isa = PBXFileReference; lastKnownFileType = sourcecode.c.objc; path = main.m; sourceTree = "<group>"; };
		CA2CD0B11DDB6A3E0061A019 /* AppDelegate.h */ = {isa = PBXFileReference; lastKnownFileType = sourcecode.c.h; path = AppDelegate.h; sourceTree = "<group>"; };
		CA2CD0B21DDB6A3E0061A019 /* AppDelegate.m */ = {isa = PBXFileReference; lastKnownFileType = sourcecode.c.objc; path = AppDelegate.m; sourceTree = "<group>"; };
		CA2CD0B41DDB6A3E0061A019 /* MasterViewController.h */ = {isa = PBXFileReference; lastKnownFileType = sourcecode.c.h; path = MasterViewController.h; sourceTree = "<group>"; };
		CA2CD0B51DDB6A3E0061A019 /* MasterViewController.m */ = {isa = PBXFileReference; lastKnownFileType = sourcecode.c.objc; path = MasterViewController.m; sourceTree = "<group>"; };
		CA2CD0B71DDB6A3E0061A019 /* DetailViewController.h */ = {isa = PBXFileReference; lastKnownFileType = sourcecode.c.h; path = DetailViewController.h; sourceTree = "<group>"; };
		CA2CD0B81DDB6A3E0061A019 /* DetailViewController.m */ = {isa = PBXFileReference; lastKnownFileType = sourcecode.c.objc; path = DetailViewController.m; sourceTree = "<group>"; };
		CA2CD0BB1DDB6A3E0061A019 /* Base */ = {isa = PBXFileReference; lastKnownFileType = file.storyboard; name = Base; path = Base.lproj/Main.storyboard; sourceTree = "<group>"; };
		CA2CD0BD1DDB6A3E0061A019 /* Assets.xcassets */ = {isa = PBXFileReference; lastKnownFileType = folder.assetcatalog; path = Assets.xcassets; sourceTree = "<group>"; };
		CA2CD0C01DDB6A3E0061A019 /* Base */ = {isa = PBXFileReference; lastKnownFileType = file.storyboard; name = Base; path = Base.lproj/LaunchScreen.storyboard; sourceTree = "<group>"; };
		CA2CD0C21DDB6A3E0061A019 /* Info.plist */ = {isa = PBXFileReference; lastKnownFileType = text.plist.xml; path = Info.plist; sourceTree = "<group>"; };
		CA40DE8E1DDE20DB0088332A /* TweetDetailView.h */ = {isa = PBXFileReference; fileEncoding = 4; lastKnownFileType = sourcecode.c.h; path = TweetDetailView.h; sourceTree = "<group>"; };
		CA40DE8F1DDE20DB0088332A /* TweetDetailView.m */ = {isa = PBXFileReference; fileEncoding = 4; lastKnownFileType = sourcecode.c.objc; path = TweetDetailView.m; sourceTree = "<group>"; };
		CAF625B71DDCD132003CACF1 /* TweetSearch.h */ = {isa = PBXFileReference; fileEncoding = 4; lastKnownFileType = sourcecode.c.h; path = TweetSearch.h; sourceTree = "<group>"; };
		CAF625B81DDCD132003CACF1 /* TweetSearch.m */ = {isa = PBXFileReference; fileEncoding = 4; lastKnownFileType = sourcecode.c.objc; path = TweetSearch.m; sourceTree = "<group>"; };
		CAF625BA1DDCD1AA003CACF1 /* SearchMetadata.h */ = {isa = PBXFileReference; fileEncoding = 4; lastKnownFileType = sourcecode.c.h; path = SearchMetadata.h; sourceTree = "<group>"; };
		CAF625BB1DDCD1AA003CACF1 /* SearchMetadata.m */ = {isa = PBXFileReference; fileEncoding = 4; lastKnownFileType = sourcecode.c.objc; path = SearchMetadata.m; sourceTree = "<group>"; };
		CAF625BD1DDCD1D2003CACF1 /* SearchStatuses.h */ = {isa = PBXFileReference; fileEncoding = 4; lastKnownFileType = sourcecode.c.h; path = SearchStatuses.h; sourceTree = "<group>"; };
		CAF625BE1DDCD1D2003CACF1 /* SearchStatuses.m */ = {isa = PBXFileReference; fileEncoding = 4; lastKnownFileType = sourcecode.c.objc; path = SearchStatuses.m; sourceTree = "<group>"; };
		CAF625C01DDCD566003CACF1 /* TweetUser.h */ = {isa = PBXFileReference; fileEncoding = 4; lastKnownFileType = sourcecode.c.h; path = TweetUser.h; sourceTree = "<group>"; };
		CAF625C11DDCD566003CACF1 /* TweetUser.m */ = {isa = PBXFileReference; fileEncoding = 4; lastKnownFileType = sourcecode.c.objc; path = TweetUser.m; sourceTree = "<group>"; };
		CAF625C41DDD7681003CACF1 /* MasterViewViewModel.h */ = {isa = PBXFileReference; fileEncoding = 4; lastKnownFileType = sourcecode.c.h; path = MasterViewViewModel.h; sourceTree = "<group>"; };
		CAF625C51DDD7681003CACF1 /* MasterViewViewModel.m */ = {isa = PBXFileReference; fileEncoding = 4; lastKnownFileType = sourcecode.c.objc; path = MasterViewViewModel.m; sourceTree = "<group>"; };
		CAF625C71DDD7D5C003CACF1 /* UIManager.h */ = {isa = PBXFileReference; fileEncoding = 4; lastKnownFileType = sourcecode.c.h; path = UIManager.h; sourceTree = "<group>"; };
		CAF625C81DDD7D5C003CACF1 /* UIManager.m */ = {isa = PBXFileReference; fileEncoding = 4; lastKnownFileType = sourcecode.c.objc; path = UIManager.m; sourceTree = "<group>"; };
		CAF625CB1DDD8A2A003CACF1 /* Formatters.h */ = {isa = PBXFileReference; fileEncoding = 4; lastKnownFileType = sourcecode.c.h; path = Formatters.h; sourceTree = "<group>"; };
		CAF625CC1DDD8A2A003CACF1 /* Formatters.m */ = {isa = PBXFileReference; fileEncoding = 4; lastKnownFileType = sourcecode.c.objc; path = Formatters.m; sourceTree = "<group>"; };
		D7B72EF3ED1103106AD8E693 /* Pods-twitter-search.release.xcconfig */ = {isa = PBXFileReference; includeInIndex = 1; lastKnownFileType = text.xcconfig; name = "Pods-twitter-search.release.xcconfig"; path = "Pods/Target Support Files/Pods-twitter-search/Pods-twitter-search.release.xcconfig"; sourceTree = "<group>"; };
		D8450A10AB964B3F00080D24 /* libPods-twitter-search.a */ = {isa = PBXFileReference; explicitFileType = archive.ar; includeInIndex = 0; path = "libPods-twitter-search.a"; sourceTree = BUILT_PRODUCTS_DIR; };
/* End PBXFileReference section */

/* Begin PBXFrameworksBuildPhase section */
		CA2CD0A81DDB6A3E0061A019 /* Frameworks */ = {
			isa = PBXFrameworksBuildPhase;
			buildActionMask = 2147483647;
			files = (
				22BDF40F8D9D599BCC6013BA /* libPods-twitter-search.a in Frameworks */,
			);
			runOnlyForDeploymentPostprocessing = 0;
		};
/* End PBXFrameworksBuildPhase section */

/* Begin PBXGroup section */
		8C51C3E1A95D4010DE70B21E /* Pods */ = {
			isa = PBXGroup;
			children = (
				973922337E42AFC2235C9290 /* Pods-twitter-search.debug.xcconfig */,
				D7B72EF3ED1103106AD8E693 /* Pods-twitter-search.release.xcconfig */,
			);
			name = Pods;
			sourceTree = "<group>";
		};
		958E9202A792C4AE02805E29 /* Frameworks */ = {
			isa = PBXGroup;
			children = (
				D8450A10AB964B3F00080D24 /* libPods-twitter-search.a */,
			);
			name = Frameworks;
			sourceTree = "<group>";
		};
		CA06DED81DDB70CD00326C20 /* Views */ = {
			isa = PBXGroup;
			children = (
				CA94E34D1DDE06B60040E90B /* DetailView */,
				CA94E34C1DDE06AB0040E90B /* MasterView */,
			);
			path = Views;
			sourceTree = "<group>";
		};
		CA06DEEB1DDC3B6100326C20 /* Managers */ = {
			isa = PBXGroup;
			children = (
				CA06DEEC1DDC3EED00326C20 /* APIManager.h */,
				CA06DEED1DDC3EED00326C20 /* APIManager.m */,
				CAF625C71DDD7D5C003CACF1 /* UIManager.h */,
				CAF625C81DDD7D5C003CACF1 /* UIManager.m */,
			);
			path = Managers;
			sourceTree = "<group>";
		};
		CA2CD0A21DDB6A3E0061A019 = {
			isa = PBXGroup;
			children = (
				CA2CD0AD1DDB6A3E0061A019 /* twitter-search */,
				CA2CD0AC1DDB6A3E0061A019 /* Products */,
				8C51C3E1A95D4010DE70B21E /* Pods */,
				958E9202A792C4AE02805E29 /* Frameworks */,
			);
			sourceTree = "<group>";
		};
		CA2CD0AC1DDB6A3E0061A019 /* Products */ = {
			isa = PBXGroup;
			children = (
				CA2CD0AB1DDB6A3E0061A019 /* twitter-search.app */,
			);
			name = Products;
			sourceTree = "<group>";
		};
		CA2CD0AD1DDB6A3E0061A019 /* twitter-search */ = {
			isa = PBXGroup;
			children = (
				CAF625CA1DDD8A04003CACF1 /* Formatters */,
				CA06DEEB1DDC3B6100326C20 /* Managers */,
				CAF625B61DDCD0DA003CACF1 /* Models */,
				CAF625C31DDD765A003CACF1 /* ViewModels */,
				CA06DED81DDB70CD00326C20 /* Views */,
				CA2CD0B11DDB6A3E0061A019 /* AppDelegate.h */,
				CA2CD0B21DDB6A3E0061A019 /* AppDelegate.m */,
				CA2CD0B41DDB6A3E0061A019 /* MasterViewController.h */,
				CA2CD0B51DDB6A3E0061A019 /* MasterViewController.m */,
				CA2CD0B71DDB6A3E0061A019 /* DetailViewController.h */,
				CA2CD0B81DDB6A3E0061A019 /* DetailViewController.m */,
				CA2CD0BA1DDB6A3E0061A019 /* Main.storyboard */,
				CA2CD0BD1DDB6A3E0061A019 /* Assets.xcassets */,
				CA2CD0BF1DDB6A3E0061A019 /* LaunchScreen.storyboard */,
				CA2CD0C21DDB6A3E0061A019 /* Info.plist */,
				CA2CD0AE1DDB6A3E0061A019 /* Supporting Files */,
			);
			path = "twitter-search";
			sourceTree = "<group>";
		};
		CA2CD0AE1DDB6A3E0061A019 /* Supporting Files */ = {
			isa = PBXGroup;
			children = (
				CA06DEE51DDC2F1000326C20 /* Constants.h */,
				CA06DEE61DDC2F1000326C20 /* Constants.m */,
				CA2CD0AF1DDB6A3E0061A019 /* main.m */,
			);
			name = "Supporting Files";
			sourceTree = "<group>";
		};
		CA94E34C1DDE06AB0040E90B /* MasterView */ = {
			isa = PBXGroup;
			children = (
				CA06DED91DDB713700326C20 /* TweetSearchView.h */,
				CA06DEDA1DDB713700326C20 /* TweetSearchView.m */,
				CA06DEDC1DDB753200326C20 /* TweetSearchTableViewCell.h */,
				CA06DEDD1DDB753200326C20 /* TweetSearchTableViewCell.m */,
				CA06DEE81DDC31C100326C20 /* TweetSearchTableViewCell2.h */,
				CA06DEE91DDC31C100326C20 /* TweetSearchTableViewCell2.m */,
				CA06DEDF1DDB793C00326C20 /* TweetSearchViewController.h */,
				CA06DEE01DDB793C00326C20 /* TweetSearchViewController.m */,
				CA06DEE21DDB879400326C20 /* TweetSearchTableViewComponent.h */,
				CA06DEE31DDB879400326C20 /* TweetSearchTableViewComponent.m */,
			);
			path = MasterView;
			sourceTree = "<group>";
		};
		CA94E34D1DDE06B60040E90B /* DetailView */ = {
			isa = PBXGroup;
			children = (
				CA40DE8E1DDE20DB0088332A /* TweetDetailView.h */,
				CA40DE8F1DDE20DB0088332A /* TweetDetailView.m */,
			);
			path = DetailView;
			sourceTree = "<group>";
		};
		CAF625B61DDCD0DA003CACF1 /* Models */ = {
			isa = PBXGroup;
			children = (
				CAF625B71DDCD132003CACF1 /* TweetSearch.h */,
				CAF625B81DDCD132003CACF1 /* TweetSearch.m */,
				CAF625BA1DDCD1AA003CACF1 /* SearchMetadata.h */,
				CAF625BB1DDCD1AA003CACF1 /* SearchMetadata.m */,
				CAF625BD1DDCD1D2003CACF1 /* SearchStatuses.h */,
				CAF625BE1DDCD1D2003CACF1 /* SearchStatuses.m */,
				CAF625C01DDCD566003CACF1 /* TweetUser.h */,
				CAF625C11DDCD566003CACF1 /* TweetUser.m */,
			);
			path = Models;
			sourceTree = "<group>";
		};
		CAF625C31DDD765A003CACF1 /* ViewModels */ = {
			isa = PBXGroup;
			children = (
				CAF625C41DDD7681003CACF1 /* MasterViewViewModel.h */,
				CAF625C51DDD7681003CACF1 /* MasterViewViewModel.m */,
			);
			path = ViewModels;
			sourceTree = "<group>";
		};
		CAF625CA1DDD8A04003CACF1 /* Formatters */ = {
			isa = PBXGroup;
			children = (
				CAF625CB1DDD8A2A003CACF1 /* Formatters.h */,
				CAF625CC1DDD8A2A003CACF1 /* Formatters.m */,
			);
			path = Formatters;
			sourceTree = "<group>";
		};
/* End PBXGroup section */

/* Begin PBXNativeTarget section */
		CA2CD0AA1DDB6A3E0061A019 /* twitter-search */ = {
			isa = PBXNativeTarget;
			buildConfigurationList = CA2CD0C51DDB6A3E0061A019 /* Build configuration list for PBXNativeTarget "twitter-search" */;
			buildPhases = (
				92BA99B4D251EE1E0AAC3C9C /* [CP] Check Pods Manifest.lock */,
				CA2CD0A71DDB6A3E0061A019 /* Sources */,
				CA2CD0A81DDB6A3E0061A019 /* Frameworks */,
				CA2CD0A91DDB6A3E0061A019 /* Resources */,
				868AD4008D9BC1EF52C10CB1 /* [CP] Embed Pods Frameworks */,
				277FB4C11032735D8FFB5C3B /* [CP] Copy Pods Resources */,
			);
			buildRules = (
			);
			dependencies = (
			);
			name = "twitter-search";
			productName = "twitter-search";
			productReference = CA2CD0AB1DDB6A3E0061A019 /* twitter-search.app */;
			productType = "com.apple.product-type.application";
		};
/* End PBXNativeTarget section */

/* Begin PBXProject section */
		CA2CD0A31DDB6A3E0061A019 /* Project object */ = {
			isa = PBXProject;
			attributes = {
				LastUpgradeCheck = 0800;
				ORGANIZATIONNAME = mcan;
				TargetAttributes = {
					CA2CD0AA1DDB6A3E0061A019 = {
						CreatedOnToolsVersion = 8.0;
						ProvisioningStyle = Automatic;
					};
				};
			};
			buildConfigurationList = CA2CD0A61DDB6A3E0061A019 /* Build configuration list for PBXProject "twitter-search" */;
			compatibilityVersion = "Xcode 3.2";
			developmentRegion = English;
			hasScannedForEncodings = 0;
			knownRegions = (
				en,
				Base,
			);
			mainGroup = CA2CD0A21DDB6A3E0061A019;
			productRefGroup = CA2CD0AC1DDB6A3E0061A019 /* Products */;
			projectDirPath = "";
			projectRoot = "";
			targets = (
				CA2CD0AA1DDB6A3E0061A019 /* twitter-search */,
			);
		};
/* End PBXProject section */

/* Begin PBXResourcesBuildPhase section */
		CA2CD0A91DDB6A3E0061A019 /* Resources */ = {
			isa = PBXResourcesBuildPhase;
			buildActionMask = 2147483647;
			files = (
				CA2CD0C11DDB6A3E0061A019 /* LaunchScreen.storyboard in Resources */,
				CA2CD0BE1DDB6A3E0061A019 /* Assets.xcassets in Resources */,
				CA2CD0BC1DDB6A3E0061A019 /* Main.storyboard in Resources */,
			);
			runOnlyForDeploymentPostprocessing = 0;
		};
/* End PBXResourcesBuildPhase section */

/* Begin PBXShellScriptBuildPhase section */
		277FB4C11032735D8FFB5C3B /* [CP] Copy Pods Resources */ = {
			isa = PBXShellScriptBuildPhase;
			buildActionMask = 2147483647;
			files = (
			);
			inputPaths = (
			);
			name = "[CP] Copy Pods Resources";
			outputPaths = (
			);
			runOnlyForDeploymentPostprocessing = 0;
			shellPath = /bin/sh;
			shellScript = "\"${SRCROOT}/Pods/Target Support Files/Pods-twitter-search/Pods-twitter-search-resources.sh\"\n";
			showEnvVarsInLog = 0;
		};
		868AD4008D9BC1EF52C10CB1 /* [CP] Embed Pods Frameworks */ = {
			isa = PBXShellScriptBuildPhase;
			buildActionMask = 2147483647;
			files = (
			);
			inputPaths = (
			);
			name = "[CP] Embed Pods Frameworks";
			outputPaths = (
			);
			runOnlyForDeploymentPostprocessing = 0;
			shellPath = /bin/sh;
			shellScript = "\"${SRCROOT}/Pods/Target Support Files/Pods-twitter-search/Pods-twitter-search-frameworks.sh\"\n";
			showEnvVarsInLog = 0;
		};
		92BA99B4D251EE1E0AAC3C9C /* [CP] Check Pods Manifest.lock */ = {
			isa = PBXShellScriptBuildPhase;
			buildActionMask = 2147483647;
			files = (
			);
			inputPaths = (
			);
			name = "[CP] Check Pods Manifest.lock";
			outputPaths = (
			);
			runOnlyForDeploymentPostprocessing = 0;
			shellPath = /bin/sh;
			shellScript = "diff \"${PODS_ROOT}/../Podfile.lock\" \"${PODS_ROOT}/Manifest.lock\" > /dev/null\nif [ $? != 0 ] ; then\n    # print error to STDERR\n    echo \"error: The sandbox is not in sync with the Podfile.lock. Run 'pod install' or update your CocoaPods installation.\" >&2\n    exit 1\nfi\n";
			showEnvVarsInLog = 0;
		};
/* End PBXShellScriptBuildPhase section */

/* Begin PBXSourcesBuildPhase section */
		CA2CD0A71DDB6A3E0061A019 /* Sources */ = {
			isa = PBXSourcesBuildPhase;
			buildActionMask = 2147483647;
			files = (
				CAF625C21DDCD566003CACF1 /* TweetUser.m in Sources */,
				CAF625C91DDD7D5C003CACF1 /* UIManager.m in Sources */,
				CA06DEE11DDB793C00326C20 /* TweetSearchViewController.m in Sources */,
				CAF625BC1DDCD1AA003CACF1 /* SearchMetadata.m in Sources */,
				CAF625CD1DDD8A2A003CACF1 /* Formatters.m in Sources */,
				CAF625C61DDD7681003CACF1 /* MasterViewViewModel.m in Sources */,
				CA2CD0B31DDB6A3E0061A019 /* AppDelegate.m in Sources */,
				CA06DEEA1DDC31C100326C20 /* TweetSearchTableViewCell2.m in Sources */,
				CAF625B91DDCD132003CACF1 /* TweetSearch.m in Sources */,
				CA2CD0B61DDB6A3E0061A019 /* MasterViewController.m in Sources */,
				CA2CD0B01DDB6A3E0061A019 /* main.m in Sources */,
				CAF625BF1DDCD1D2003CACF1 /* SearchStatuses.m in Sources */,
				CA06DEDB1DDB713700326C20 /* TweetSearchView.m in Sources */,
				CA40DE901DDE20DB0088332A /* TweetDetailView.m in Sources */,
				CA2CD0B91DDB6A3E0061A019 /* DetailViewController.m in Sources */,
				CA06DEDE1DDB753200326C20 /* TweetSearchTableViewCell.m in Sources */,
				CA06DEE41DDB879400326C20 /* TweetSearchTableViewComponent.m in Sources */,
				CA06DEE71DDC2F1000326C20 /* Constants.m in Sources */,
				CA06DEEE1DDC3EED00326C20 /* APIManager.m in Sources */,
			);
			runOnlyForDeploymentPostprocessing = 0;
		};
/* End PBXSourcesBuildPhase section */

/* Begin PBXVariantGroup section */
		CA2CD0BA1DDB6A3E0061A019 /* Main.storyboard */ = {
			isa = PBXVariantGroup;
			children = (
				CA2CD0BB1DDB6A3E0061A019 /* Base */,
			);
			name = Main.storyboard;
			sourceTree = "<group>";
		};
		CA2CD0BF1DDB6A3E0061A019 /* LaunchScreen.storyboard */ = {
			isa = PBXVariantGroup;
			children = (
				CA2CD0C01DDB6A3E0061A019 /* Base */,
			);
			name = LaunchScreen.storyboard;
			sourceTree = "<group>";
		};
/* End PBXVariantGroup section */

/* Begin XCBuildConfiguration section */
		CA2CD0C31DDB6A3E0061A019 /* Debug */ = {
			isa = XCBuildConfiguration;
			buildSettings = {
				ALWAYS_SEARCH_USER_PATHS = NO;
				CLANG_ANALYZER_NONNULL = YES;
				CLANG_CXX_LANGUAGE_STANDARD = "gnu++0x";
				CLANG_CXX_LIBRARY = "libc++";
				CLANG_ENABLE_MODULES = YES;
				CLANG_ENABLE_OBJC_ARC = YES;
				CLANG_WARN_BOOL_CONVERSION = YES;
				CLANG_WARN_CONSTANT_CONVERSION = YES;
				CLANG_WARN_DIRECT_OBJC_ISA_USAGE = YES_ERROR;
				CLANG_WARN_DOCUMENTATION_COMMENTS = YES;
				CLANG_WARN_EMPTY_BODY = YES;
				CLANG_WARN_ENUM_CONVERSION = YES;
				CLANG_WARN_INFINITE_RECURSION = YES;
				CLANG_WARN_INT_CONVERSION = YES;
				CLANG_WARN_OBJC_ROOT_CLASS = YES_ERROR;
				CLANG_WARN_SUSPICIOUS_MOVES = YES;
				CLANG_WARN_UNREACHABLE_CODE = YES;
				CLANG_WARN__DUPLICATE_METHOD_MATCH = YES;
				"CODE_SIGN_IDENTITY[sdk=iphoneos*]" = "iPhone Developer";
				COPY_PHASE_STRIP = NO;
				DEBUG_INFORMATION_FORMAT = dwarf;
				ENABLE_STRICT_OBJC_MSGSEND = YES;
				ENABLE_TESTABILITY = YES;
				GCC_C_LANGUAGE_STANDARD = gnu99;
				GCC_DYNAMIC_NO_PIC = NO;
				GCC_NO_COMMON_BLOCKS = YES;
				GCC_OPTIMIZATION_LEVEL = 0;
				GCC_PREPROCESSOR_DEFINITIONS = (
					"DEBUG=1",
					"$(inherited)",
				);
				GCC_WARN_64_TO_32_BIT_CONVERSION = YES;
				GCC_WARN_ABOUT_RETURN_TYPE = YES_ERROR;
				GCC_WARN_UNDECLARED_SELECTOR = YES;
				GCC_WARN_UNINITIALIZED_AUTOS = YES_AGGRESSIVE;
				GCC_WARN_UNUSED_FUNCTION = YES;
				GCC_WARN_UNUSED_VARIABLE = YES;
				IPHONEOS_DEPLOYMENT_TARGET = 10.0;
				MTL_ENABLE_DEBUG_INFO = YES;
				ONLY_ACTIVE_ARCH = YES;
				SDKROOT = iphoneos;
				TARGETED_DEVICE_FAMILY = "1,2";
			};
			name = Debug;
		};
		CA2CD0C41DDB6A3E0061A019 /* Release */ = {
			isa = XCBuildConfiguration;
			buildSettings = {
				ALWAYS_SEARCH_USER_PATHS = NO;
				CLANG_ANALYZER_NONNULL = YES;
				CLANG_CXX_LANGUAGE_STANDARD = "gnu++0x";
				CLANG_CXX_LIBRARY = "libc++";
				CLANG_ENABLE_MODULES = YES;
				CLANG_ENABLE_OBJC_ARC = YES;
				CLANG_WARN_BOOL_CONVERSION = YES;
				CLANG_WARN_CONSTANT_CONVERSION = YES;
				CLANG_WARN_DIRECT_OBJC_ISA_USAGE = YES_ERROR;
				CLANG_WARN_DOCUMENTATION_COMMENTS = YES;
				CLANG_WARN_EMPTY_BODY = YES;
				CLANG_WARN_ENUM_CONVERSION = YES;
				CLANG_WARN_INFINITE_RECURSION = YES;
				CLANG_WARN_INT_CONVERSION = YES;
				CLANG_WARN_OBJC_ROOT_CLASS = YES_ERROR;
				CLANG_WARN_SUSPICIOUS_MOVES = YES;
				CLANG_WARN_UNREACHABLE_CODE = YES;
				CLANG_WARN__DUPLICATE_METHOD_MATCH = YES;
				"CODE_SIGN_IDENTITY[sdk=iphoneos*]" = "iPhone Developer";
				COPY_PHASE_STRIP = NO;
				DEBUG_INFORMATION_FORMAT = "dwarf-with-dsym";
				ENABLE_NS_ASSERTIONS = NO;
				ENABLE_STRICT_OBJC_MSGSEND = YES;
				GCC_C_LANGUAGE_STANDARD = gnu99;
				GCC_NO_COMMON_BLOCKS = YES;
				GCC_WARN_64_TO_32_BIT_CONVERSION = YES;
				GCC_WARN_ABOUT_RETURN_TYPE = YES_ERROR;
				GCC_WARN_UNDECLARED_SELECTOR = YES;
				GCC_WARN_UNINITIALIZED_AUTOS = YES_AGGRESSIVE;
				GCC_WARN_UNUSED_FUNCTION = YES;
				GCC_WARN_UNUSED_VARIABLE = YES;
				IPHONEOS_DEPLOYMENT_TARGET = 10.0;
				MTL_ENABLE_DEBUG_INFO = NO;
				SDKROOT = iphoneos;
				TARGETED_DEVICE_FAMILY = "1,2";
				VALIDATE_PRODUCT = YES;
			};
			name = Release;
		};
		CA2CD0C61DDB6A3E0061A019 /* Debug */ = {
			isa = XCBuildConfiguration;
			baseConfigurationReference = 973922337E42AFC2235C9290 /* Pods-twitter-search.debug.xcconfig */;
			buildSettings = {
				ASSETCATALOG_COMPILER_APPICON_NAME = AppIcon;
				INFOPLIST_FILE = "twitter-search/Info.plist";
				LD_RUNPATH_SEARCH_PATHS = "$(inherited) @executable_path/Frameworks";
				PRODUCT_BUNDLE_IDENTIFIER = "mcan.twitter-search";
				PRODUCT_NAME = "$(TARGET_NAME)";
			};
			name = Debug;
		};
		CA2CD0C71DDB6A3E0061A019 /* Release */ = {
			isa = XCBuildConfiguration;
			baseConfigurationReference = D7B72EF3ED1103106AD8E693 /* Pods-twitter-search.release.xcconfig */;
			buildSettings = {
				ASSETCATALOG_COMPILER_APPICON_NAME = AppIcon;
				INFOPLIST_FILE = "twitter-search/Info.plist";
				LD_RUNPATH_SEARCH_PATHS = "$(inherited) @executable_path/Frameworks";
				PRODUCT_BUNDLE_IDENTIFIER = "mcan.twitter-search";
				PRODUCT_NAME = "$(TARGET_NAME)";
			};
			name = Release;
		};
/* End XCBuildConfiguration section */

/* Begin XCConfigurationList section */
		CA2CD0A61DDB6A3E0061A019 /* Build configuration list for PBXProject "twitter-search" */ = {
			isa = XCConfigurationList;
			buildConfigurations = (
				CA2CD0C31DDB6A3E0061A019 /* Debug */,
				CA2CD0C41DDB6A3E0061A019 /* Release */,
			);
			defaultConfigurationIsVisible = 0;
			defaultConfigurationName = Release;
		};
		CA2CD0C51DDB6A3E0061A019 /* Build configuration list for PBXNativeTarget "twitter-search" */ = {
			isa = XCConfigurationList;
			buildConfigurations = (
				CA2CD0C61DDB6A3E0061A019 /* Debug */,
				CA2CD0C71DDB6A3E0061A019 /* Release */,
			);
			defaultConfigurationIsVisible = 0;
			defaultConfigurationName = Release;
		};
/* End XCConfigurationList section */
	};
	rootObject = CA2CD0A31DDB6A3E0061A019 /* Project object */;
}
